
Microsoft Visual Studio Solution File, Format Version 12.00
# Visual Studio 14
VisualStudioVersion = 14.0.25123.0
MinimumVisualStudioVersion = 10.0.40219.1
Project("{2150E333-8FDC-42A3-9474-1A3956D46DE8}") = "src", "src", "{49E75DA0-AF1F-4A36-A8F0-20A1E8359F41}"
EndProject
Project("{2150E333-8FDC-42A3-9474-1A3956D46DE8}") = "Solution Items", "Solution Items", "{26A34FCC-A065-4850-899F-13C657203D25}"
	ProjectSection(SolutionItems) = preProject
		.gitignore = .gitignore
		global.json = global.json
	EndProjectSection
EndProject
Project("{8BB2217D-0F2D-49D1-97BC-3654ED321F3B}") = "DAL", "src\DAL\DAL.xproj", "{F75A0319-1220-489C-899F-84A50DA01E88}"
EndProject
Project("{8BB2217D-0F2D-49D1-97BC-3654ED321F3B}") = "BLL", "src\BLL\BLL.xproj", "{EEE2286C-DEDB-47AF-B6C6-29A53F5B87D8}"
EndProject
Project("{8BB2217D-0F2D-49D1-97BC-3654ED321F3B}") = "Domain", "src\Domain\Domain.xproj", "{BD6A4108-96FC-4341-9F88-74CB9CBB54F5}"
EndProject
Project("{8BB2217D-0F2D-49D1-97BC-3654ED321F3B}") = "WebUI", "src\WebUI\WebUI.xproj", "{DFA77A3F-5DE0-462D-AD1C-A474AF01950B}"
EndProject
Project("{8BB2217D-0F2D-49D1-97BC-3654ED321F3B}") = "TestProject", "src\TestProject\TestProject.xproj", "{B2354E2C-8B8A-4AEC-B67E-0C94363787E0}"
EndProject
Project("{8BB2217D-0F2D-49D1-97BC-3654ED321F3B}") = "Interfaces", "src\Interfaces\Interfaces.xproj", "{ADFC97E5-F515-4645-9BE5-B5F5E7B6DCC6}"
EndProject
Global
	GlobalSection(SolutionConfigurationPlatforms) = preSolution
		Debug|Any CPU = Debug|Any CPU
		Release|Any CPU = Release|Any CPU
	EndGlobalSection
	GlobalSection(ProjectConfigurationPlatforms) = postSolution
		{F75A0319-1220-489C-899F-84A50DA01E88}.Debug|Any CPU.ActiveCfg = Debug|Any CPU
		{F75A0319-1220-489C-899F-84A50DA01E88}.Debug|Any CPU.Build.0 = Debug|Any CPU
		{F75A0319-1220-489C-899F-84A50DA01E88}.Release|Any CPU.ActiveCfg = Release|Any CPU
		{F75A0319-1220-489C-899F-84A50DA01E88}.Release|Any CPU.Build.0 = Release|Any CPU
		{EEE2286C-DEDB-47AF-B6C6-29A53F5B87D8}.Debug|Any CPU.ActiveCfg = Debug|Any CPU
		{EEE2286C-DEDB-47AF-B6C6-29A53F5B87D8}.Debug|Any CPU.Build.0 = Debug|Any CPU
		{EEE2286C-DEDB-47AF-B6C6-29A53F5B87D8}.Release|Any CPU.ActiveCfg = Release|Any CPU
		{EEE2286C-DEDB-47AF-B6C6-29A53F5B87D8}.Release|Any CPU.Build.0 = Release|Any CPU
		{BD6A4108-96FC-4341-9F88-74CB9CBB54F5}.Debug|Any CPU.ActiveCfg = Debug|Any CPU
		{BD6A4108-96FC-4341-9F88-74CB9CBB54F5}.Debug|Any CPU.Build.0 = Debug|Any CPU
		{BD6A4108-96FC-4341-9F88-74CB9CBB54F5}.Release|Any CPU.ActiveCfg = Release|Any CPU
		{BD6A4108-96FC-4341-9F88-74CB9CBB54F5}.Release|Any CPU.Build.0 = Release|Any CPU
		{DFA77A3F-5DE0-462D-AD1C-A474AF01950B}.Debug|Any CPU.ActiveCfg = Debug|Any CPU
		{DFA77A3F-5DE0-462D-AD1C-A474AF01950B}.Debug|Any CPU.Build.0 = Debug|Any CPU
		{DFA77A3F-5DE0-462D-AD1C-A474AF01950B}.Release|Any CPU.ActiveCfg = Release|Any CPU
		{DFA77A3F-5DE0-462D-AD1C-A474AF01950B}.Release|Any CPU.Build.0 = Release|Any CPU
		{B2354E2C-8B8A-4AEC-B67E-0C94363787E0}.Debug|Any CPU.ActiveCfg = Debug|Any CPU
		{B2354E2C-8B8A-4AEC-B67E-0C94363787E0}.Debug|Any CPU.Build.0 = Debug|Any CPU
		{B2354E2C-8B8A-4AEC-B67E-0C94363787E0}.Release|Any CPU.ActiveCfg = Release|Any CPU
		{B2354E2C-8B8A-4AEC-B67E-0C94363787E0}.Release|Any CPU.Build.0 = Release|Any CPU
		{ADFC97E5-F515-4645-9BE5-B5F5E7B6DCC6}.Debug|Any CPU.ActiveCfg = Debug|Any CPU
		{ADFC97E5-F515-4645-9BE5-B5F5E7B6DCC6}.Debug|Any CPU.Build.0 = Debug|Any CPU
		{ADFC97E5-F515-4645-9BE5-B5F5E7B6DCC6}.Release|Any CPU.ActiveCfg = Release|Any CPU
		{ADFC97E5-F515-4645-9BE5-B5F5E7B6DCC6}.Release|Any CPU.Build.0 = Release|Any CPU
	EndGlobalSection
	GlobalSection(SolutionProperties) = preSolution
		HideSolutionNode = FALSE
	EndGlobalSection
	GlobalSection(NestedProjects) = preSolution
		{F75A0319-1220-489C-899F-84A50DA01E88} = {49E75DA0-AF1F-4A36-A8F0-20A1E8359F41}
		{EEE2286C-DEDB-47AF-B6C6-29A53F5B87D8} = {49E75DA0-AF1F-4A36-A8F0-20A1E8359F41}
		{BD6A4108-96FC-4341-9F88-74CB9CBB54F5} = {49E75DA0-AF1F-4A36-A8F0-20A1E8359F41}
		{DFA77A3F-5DE0-462D-AD1C-A474AF01950B} = {49E75DA0-AF1F-4A36-A8F0-20A1E8359F41}
		{B2354E2C-8B8A-4AEC-B67E-0C94363787E0} = {49E75DA0-AF1F-4A36-A8F0-20A1E8359F41}
		{ADFC97E5-F515-4645-9BE5-B5F5E7B6DCC6} = {49E75DA0-AF1F-4A36-A8F0-20A1E8359F41}
	EndGlobalSection
EndGlobal
